
Microsoft Visual Studio Solution File, Format Version 12.00
# Visual Studio Version 17
VisualStudioVersion = 17.11.35312.102
MinimumVisualStudioVersion = 10.0.40219.1
Project("{FAE04EC0-301F-11D3-BF4B-00C04F79EFBC}") = "matrice", "matrice\matrice.csproj", "{6BBA7B92-62B3-45B1-A7F6-B40AB2ADF32B}"
EndProject
Global
	GlobalSection(SolutionConfigurationPlatforms) = preSolution
		Debug|Any CPU = Debug|Any CPU
		Release|Any CPU = Release|Any CPU
	EndGlobalSection
	GlobalSection(ProjectConfigurationPlatforms) = postSolution
		{6BBA7B92-62B3-45B1-A7F6-B40AB2ADF32B}.Debug|Any CPU.ActiveCfg = Debug|Any CPU
		{6BBA7B92-62B3-45B1-A7F6-B40AB2ADF32B}.Debug|Any CPU.Build.0 = Debug|Any CPU
		{6BBA7B92-62B3-45B1-A7F6-B40AB2ADF32B}.Release|Any CPU.ActiveCfg = Release|Any CPU
		{6BBA7B92-62B3-45B1-A7F6-B40AB2ADF32B}.Release|Any CPU.Build.0 = Release|Any CPU
	EndGlobalSection
	GlobalSection(SolutionProperties) = preSolution
		HideSolutionNode = FALSE
	EndGlobalSection
	GlobalSection(ExtensibilityGlobals) = postSolution
		SolutionGuid = {54ECA92F-AD8B-4C28-A78E-5718CCF07C3B}
	EndGlobalSection
EndGlobal
